
Microsoft Visual Studio Solution File, Format Version 12.00
# Visual Studio Version 17
VisualStudioVersion = 17.3.32811.315
MinimumVisualStudioVersion = 10.0.40219.1
Project("{FAE04EC0-301F-11D3-BF4B-00C04F79EFBC}") = "Specflow_Oct18", "Specflow_Oct18\Specflow_Oct18.csproj", "{1120C04B-8632-4995-9871-A37717338633}"
EndProject
Global
	GlobalSection(SolutionConfigurationPlatforms) = preSolution
		Debug|Any CPU = Debug|Any CPU
		Release|Any CPU = Release|Any CPU
	EndGlobalSection
	GlobalSection(ProjectConfigurationPlatforms) = postSolution
		{1120C04B-8632-4995-9871-A37717338633}.Debug|Any CPU.ActiveCfg = Debug|Any CPU
		{1120C04B-8632-4995-9871-A37717338633}.Debug|Any CPU.Build.0 = Debug|Any CPU
		{1120C04B-8632-4995-9871-A37717338633}.Release|Any CPU.ActiveCfg = Release|Any CPU
		{1120C04B-8632-4995-9871-A37717338633}.Release|Any CPU.Build.0 = Release|Any CPU
	EndGlobalSection
	GlobalSection(SolutionProperties) = preSolution
		HideSolutionNode = FALSE
	EndGlobalSection
	GlobalSection(ExtensibilityGlobals) = postSolution
		SolutionGuid = {DAC30E0C-E634-4FD7-9DEA-9DB1802E7400}
	EndGlobalSection
EndGlobal
