
Microsoft Visual Studio Solution File, Format Version 12.00
# Visual Studio Version 17
VisualStudioVersion = 17.3.32811.315
MinimumVisualStudioVersion = 10.0.40219.1
Project("{FAE04EC0-301F-11D3-BF4B-00C04F79EFBC}") = "ass 02-09", "ass 02-09\ass 02-09.csproj", "{DF29CEC4-6464-4D33-BA65-D172932857F2}"
	ProjectSection(ProjectDependencies) = postProject
		{7A55DDF8-23C0-4069-934E-E2C7AA24781B} = {7A55DDF8-23C0-4069-934E-E2C7AA24781B}
	EndProjectSection
EndProject
Project("{FAE04EC0-301F-11D3-BF4B-00C04F79EFBC}") = "oops demo", "oops demo\oops demo.csproj", "{7A55DDF8-23C0-4069-934E-E2C7AA24781B}"
EndProject
Global
	GlobalSection(SolutionConfigurationPlatforms) = preSolution
		Debug|Any CPU = Debug|Any CPU
		Release|Any CPU = Release|Any CPU
	EndGlobalSection
	GlobalSection(ProjectConfigurationPlatforms) = postSolution
		{DF29CEC4-6464-4D33-BA65-D172932857F2}.Debug|Any CPU.ActiveCfg = Debug|Any CPU
		{DF29CEC4-6464-4D33-BA65-D172932857F2}.Debug|Any CPU.Build.0 = Debug|Any CPU
		{DF29CEC4-6464-4D33-BA65-D172932857F2}.Release|Any CPU.ActiveCfg = Release|Any CPU
		{DF29CEC4-6464-4D33-BA65-D172932857F2}.Release|Any CPU.Build.0 = Release|Any CPU
		{7A55DDF8-23C0-4069-934E-E2C7AA24781B}.Debug|Any CPU.ActiveCfg = Debug|Any CPU
		{7A55DDF8-23C0-4069-934E-E2C7AA24781B}.Debug|Any CPU.Build.0 = Debug|Any CPU
		{7A55DDF8-23C0-4069-934E-E2C7AA24781B}.Release|Any CPU.ActiveCfg = Release|Any CPU
		{7A55DDF8-23C0-4069-934E-E2C7AA24781B}.Release|Any CPU.Build.0 = Release|Any CPU
	EndGlobalSection
	GlobalSection(SolutionProperties) = preSolution
		HideSolutionNode = FALSE
	EndGlobalSection
	GlobalSection(ExtensibilityGlobals) = postSolution
		SolutionGuid = {996DCDA7-E429-42F2-B053-B31302D49D2A}
	EndGlobalSection
EndGlobal
